
Microsoft Visual Studio Solution File, Format Version 12.00
# Visual Studio Version 17
VisualStudioVersion = 17.7.34031.279
MinimumVisualStudioVersion = 10.0.40219.1
Project("{9A19103F-16F7-4668-BE54-9A1E7A4F7556}") = "DrsDemo.Application", "DrsDemo.Application\DrsDemo.Application.csproj", "{E1ED46F6-0E7E-429D-AB74-FF7A0F0A5E81}"
	ProjectSection(ProjectDependencies) = postProject
		{CBBD0D97-50BB-4D85-AEEE-EE9BF684B5F5} = {CBBD0D97-50BB-4D85-AEEE-EE9BF684B5F5}
	EndProjectSection
EndProject
Project("{9A19103F-16F7-4668-BE54-9A1E7A4F7556}") = "DrsDemo.Domain", "DrsDemo.Domain\DrsDemo.Domain.csproj", "{CBBD0D97-50BB-4D85-AEEE-EE9BF684B5F5}"
EndProject
Project("{9A19103F-16F7-4668-BE54-9A1E7A4F7556}") = "DrsDemo.Api", "DrsDemo.Api\DrsDemo.Api.csproj", "{04D0F9D8-EF18-42B6-AC42-34E6F0E8D593}"
EndProject
Project("{9A19103F-16F7-4668-BE54-9A1E7A4F7556}") = "DrsDemo.Infrastructure", "DrsDemo.Infrastructure\DrsDemo.Infrastructure.csproj", "{D293E983-FCCA-423A-AEA8-D30F3A0C1C8D}"
	ProjectSection(ProjectDependencies) = postProject
		{E1ED46F6-0E7E-429D-AB74-FF7A0F0A5E81} = {E1ED46F6-0E7E-429D-AB74-FF7A0F0A5E81}
	EndProjectSection
EndProject
Global
	GlobalSection(SolutionConfigurationPlatforms) = preSolution
		Debug|Any CPU = Debug|Any CPU
		Release|Any CPU = Release|Any CPU
	EndGlobalSection
	GlobalSection(ProjectConfigurationPlatforms) = postSolution
		{E1ED46F6-0E7E-429D-AB74-FF7A0F0A5E81}.Debug|Any CPU.ActiveCfg = Debug|Any CPU
		{E1ED46F6-0E7E-429D-AB74-FF7A0F0A5E81}.Debug|Any CPU.Build.0 = Debug|Any CPU
		{E1ED46F6-0E7E-429D-AB74-FF7A0F0A5E81}.Release|Any CPU.ActiveCfg = Release|Any CPU
		{E1ED46F6-0E7E-429D-AB74-FF7A0F0A5E81}.Release|Any CPU.Build.0 = Release|Any CPU
		{CBBD0D97-50BB-4D85-AEEE-EE9BF684B5F5}.Debug|Any CPU.ActiveCfg = Debug|Any CPU
		{CBBD0D97-50BB-4D85-AEEE-EE9BF684B5F5}.Debug|Any CPU.Build.0 = Debug|Any CPU
		{CBBD0D97-50BB-4D85-AEEE-EE9BF684B5F5}.Release|Any CPU.ActiveCfg = Release|Any CPU
		{CBBD0D97-50BB-4D85-AEEE-EE9BF684B5F5}.Release|Any CPU.Build.0 = Release|Any CPU
		{04D0F9D8-EF18-42B6-AC42-34E6F0E8D593}.Debug|Any CPU.ActiveCfg = Debug|Any CPU
		{04D0F9D8-EF18-42B6-AC42-34E6F0E8D593}.Debug|Any CPU.Build.0 = Debug|Any CPU
		{04D0F9D8-EF18-42B6-AC42-34E6F0E8D593}.Release|Any CPU.ActiveCfg = Release|Any CPU
		{04D0F9D8-EF18-42B6-AC42-34E6F0E8D593}.Release|Any CPU.Build.0 = Release|Any CPU
		{D293E983-FCCA-423A-AEA8-D30F3A0C1C8D}.Debug|Any CPU.ActiveCfg = Debug|Any CPU
		{D293E983-FCCA-423A-AEA8-D30F3A0C1C8D}.Debug|Any CPU.Build.0 = Debug|Any CPU
		{D293E983-FCCA-423A-AEA8-D30F3A0C1C8D}.Release|Any CPU.ActiveCfg = Release|Any CPU
		{D293E983-FCCA-423A-AEA8-D30F3A0C1C8D}.Release|Any CPU.Build.0 = Release|Any CPU
	EndGlobalSection
	GlobalSection(SolutionProperties) = preSolution
		HideSolutionNode = FALSE
	EndGlobalSection
	GlobalSection(ExtensibilityGlobals) = postSolution
		SolutionGuid = {D8DD9AE6-F480-4E25-99CE-DA42036E3433}
	EndGlobalSection
EndGlobal
